
Microsoft Visual Studio Solution File, Format Version 12.00
# Visual Studio Version 17
VisualStudioVersion = 17.0.31903.59
MinimumVisualStudioVersion = 10.0.40219.1
Project("{9A19103F-16F7-4668-BE54-9A1E7A4F7556}") = "FrankFood.Contracts", "FrankFood.Contracts\FrankFood.Contracts.csproj", "{0837A199-DEEC-467D-94D0-3E0A79E59A2D}"
EndProject
Project("{9A19103F-16F7-4668-BE54-9A1E7A4F7556}") = "FrankFood", "FrankFood\FrankFood.csproj", "{6BD5BA23-10F9-46B3-BD32-CCF59ECAF337}"
EndProject
Global
	GlobalSection(SolutionConfigurationPlatforms) = preSolution
		Debug|Any CPU = Debug|Any CPU
		Release|Any CPU = Release|Any CPU
	EndGlobalSection
	GlobalSection(ProjectConfigurationPlatforms) = postSolution
		{0837A199-DEEC-467D-94D0-3E0A79E59A2D}.Debug|Any CPU.ActiveCfg = Debug|Any CPU
		{0837A199-DEEC-467D-94D0-3E0A79E59A2D}.Debug|Any CPU.Build.0 = Debug|Any CPU
		{0837A199-DEEC-467D-94D0-3E0A79E59A2D}.Release|Any CPU.ActiveCfg = Release|Any CPU
		{0837A199-DEEC-467D-94D0-3E0A79E59A2D}.Release|Any CPU.Build.0 = Release|Any CPU
		{6BD5BA23-10F9-46B3-BD32-CCF59ECAF337}.Debug|Any CPU.ActiveCfg = Debug|Any CPU
		{6BD5BA23-10F9-46B3-BD32-CCF59ECAF337}.Debug|Any CPU.Build.0 = Debug|Any CPU
		{6BD5BA23-10F9-46B3-BD32-CCF59ECAF337}.Release|Any CPU.ActiveCfg = Release|Any CPU
		{6BD5BA23-10F9-46B3-BD32-CCF59ECAF337}.Release|Any CPU.Build.0 = Release|Any CPU
	EndGlobalSection
	GlobalSection(SolutionProperties) = preSolution
		HideSolutionNode = FALSE
	EndGlobalSection
EndGlobal
